
Microsoft Visual Studio Solution File, Format Version 10.00
# Visual Studio 2008
Project("{FAE04EC0-301F-11D3-BF4B-00C04F79EFBC}") = "data", "data\data.csproj", "{6C985FC9-D5A1-4638-BE59-5939EB59B8B0}"
EndProject
Project("{FAE04EC0-301F-11D3-BF4B-00C04F79EFBC}") = "baseClass", "baseClass\baseClass.csproj", "{D14859F5-0C41-4D7E-91AD-ED1C9195234D}"
EndProject
Project("{FAE04EC0-301F-11D3-BF4B-00C04F79EFBC}") = "setup", "setup\setup.csproj", "{6914F1B1-F5EE-41FB-B9DD-D5031F1212D1}"
EndProject
Project("{FAE04EC0-301F-11D3-BF4B-00C04F79EFBC}") = "application", "application\application.csproj", "{19674D3E-1CE6-4C34-9E3B-CB9D9E86F868}"
EndProject
Project("{FAE04EC0-301F-11D3-BF4B-00C04F79EFBC}") = "strategy", "strategy\strategy.csproj", "{1463FC47-2B74-4E63-9710-2C3B8ED3DE8A}"
EndProject
Project("{FAE04EC0-301F-11D3-BF4B-00C04F79EFBC}") = "server", "server\server.csproj", "{8E1D845B-5FAF-4CBF-9A99-342BB6A223EE}"
EndProject
Project("{FAE04EC0-301F-11D3-BF4B-00C04F79EFBC}") = "stockTrade", "stockTrade\stockTrade.csproj", "{A9381839-C418-4E7D-8297-A61A72DD01A4}"
EndProject
Project("{FAE04EC0-301F-11D3-BF4B-00C04F79EFBC}") = "common", "..\..\ketoan-moi\common\common.csproj", "{B7600D70-3D5D-4F1D-836D-F867120E3FC2}"
EndProject
Project("{FAE04EC0-301F-11D3-BF4B-00C04F79EFBC}") = "imports", "import\imports.csproj", "{6F0B0D35-7BE8-4AED-80AF-9ABEB24134D0}"
EndProject
Project("{FAE04EC0-301F-11D3-BF4B-00C04F79EFBC}") = "commandLines", "commandLines\commandLines.csproj", "{8EB5B0A8-59C5-49FB-A6AF-7323AB9F29FF}"
EndProject
Project("{FAE04EC0-301F-11D3-BF4B-00C04F79EFBC}") = "admin.cs", "admin\admin.cs.csproj", "{10F39549-D83D-4E47-8CB5-36E88CE2501B}"
EndProject
Project("{FAE04EC0-301F-11D3-BF4B-00C04F79EFBC}") = "client", "client\client.csproj", "{54D43B08-45E4-4BE4-92C0-A080C7DD16BE}"
EndProject
Project("{FAE04EC0-301F-11D3-BF4B-00C04F79EFBC}") = "appHub", "applicationHub\appHub.csproj", "{96A39462-E232-4D72-896B-9844FC5C3A91}"
EndProject
Project("{FAE04EC0-301F-11D3-BF4B-00C04F79EFBC}") = "test", "test\test.csproj", "{9D4D209A-AA3F-42ED-ADB6-AC9E4B1095FC}"
EndProject
Project("{FAE04EC0-301F-11D3-BF4B-00C04F79EFBC}") = "indicators", "indicators\indicators.csproj", "{001346B6-40DD-4D1B-BFE6-7C760850C3EB}"
EndProject
Project("{FAE04EC0-301F-11D3-BF4B-00C04F79EFBC}") = "tuan", "tuan\tuan.csproj", "{006999B1-3856-4162-9A0C-D9AAEE088653}"
EndProject
Project("{FAE04EC0-301F-11D3-BF4B-00C04F79EFBC}") = "testIndicators", "testIndicators\testIndicators.csproj", "{503212AF-DC78-4FCC-A1CC-2D80B6F195D0}"
EndProject
Project("{FAE04EC0-301F-11D3-BF4B-00C04F79EFBC}") = "testApplication", "testApplication\testApplication.csproj", "{C2DDB14E-B576-4439-9BFD-A8DF1E4B0572}"
EndProject
Global
	GlobalSection(SolutionConfigurationPlatforms) = preSolution
		Debug|Any CPU = Debug|Any CPU
		Release|Any CPU = Release|Any CPU
	EndGlobalSection
	GlobalSection(ProjectConfigurationPlatforms) = postSolution
		{6C985FC9-D5A1-4638-BE59-5939EB59B8B0}.Debug|Any CPU.ActiveCfg = Debug|Any CPU
		{6C985FC9-D5A1-4638-BE59-5939EB59B8B0}.Debug|Any CPU.Build.0 = Debug|Any CPU
		{6C985FC9-D5A1-4638-BE59-5939EB59B8B0}.Release|Any CPU.ActiveCfg = Release|Any CPU
		{6C985FC9-D5A1-4638-BE59-5939EB59B8B0}.Release|Any CPU.Build.0 = Release|Any CPU
		{D14859F5-0C41-4D7E-91AD-ED1C9195234D}.Debug|Any CPU.ActiveCfg = Debug|Any CPU
		{D14859F5-0C41-4D7E-91AD-ED1C9195234D}.Debug|Any CPU.Build.0 = Debug|Any CPU
		{D14859F5-0C41-4D7E-91AD-ED1C9195234D}.Release|Any CPU.ActiveCfg = Release|Any CPU
		{D14859F5-0C41-4D7E-91AD-ED1C9195234D}.Release|Any CPU.Build.0 = Release|Any CPU
		{6914F1B1-F5EE-41FB-B9DD-D5031F1212D1}.Debug|Any CPU.ActiveCfg = Debug|Any CPU
		{6914F1B1-F5EE-41FB-B9DD-D5031F1212D1}.Debug|Any CPU.Build.0 = Debug|Any CPU
		{6914F1B1-F5EE-41FB-B9DD-D5031F1212D1}.Release|Any CPU.ActiveCfg = Release|Any CPU
		{6914F1B1-F5EE-41FB-B9DD-D5031F1212D1}.Release|Any CPU.Build.0 = Release|Any CPU
		{19674D3E-1CE6-4C34-9E3B-CB9D9E86F868}.Debug|Any CPU.ActiveCfg = Debug|Any CPU
		{19674D3E-1CE6-4C34-9E3B-CB9D9E86F868}.Debug|Any CPU.Build.0 = Debug|Any CPU
		{19674D3E-1CE6-4C34-9E3B-CB9D9E86F868}.Release|Any CPU.ActiveCfg = Release|Any CPU
		{19674D3E-1CE6-4C34-9E3B-CB9D9E86F868}.Release|Any CPU.Build.0 = Release|Any CPU
		{1463FC47-2B74-4E63-9710-2C3B8ED3DE8A}.Debug|Any CPU.ActiveCfg = Debug|Any CPU
		{1463FC47-2B74-4E63-9710-2C3B8ED3DE8A}.Debug|Any CPU.Build.0 = Debug|Any CPU
		{1463FC47-2B74-4E63-9710-2C3B8ED3DE8A}.Release|Any CPU.ActiveCfg = Release|Any CPU
		{1463FC47-2B74-4E63-9710-2C3B8ED3DE8A}.Release|Any CPU.Build.0 = Release|Any CPU
		{8E1D845B-5FAF-4CBF-9A99-342BB6A223EE}.Debug|Any CPU.ActiveCfg = Debug|Any CPU
		{8E1D845B-5FAF-4CBF-9A99-342BB6A223EE}.Debug|Any CPU.Build.0 = Debug|Any CPU
		{8E1D845B-5FAF-4CBF-9A99-342BB6A223EE}.Release|Any CPU.ActiveCfg = Release|Any CPU
		{8E1D845B-5FAF-4CBF-9A99-342BB6A223EE}.Release|Any CPU.Build.0 = Release|Any CPU
		{A9381839-C418-4E7D-8297-A61A72DD01A4}.Debug|Any CPU.ActiveCfg = Debug|Any CPU
		{A9381839-C418-4E7D-8297-A61A72DD01A4}.Debug|Any CPU.Build.0 = Debug|Any CPU
		{A9381839-C418-4E7D-8297-A61A72DD01A4}.Release|Any CPU.ActiveCfg = Release|Any CPU
		{A9381839-C418-4E7D-8297-A61A72DD01A4}.Release|Any CPU.Build.0 = Release|Any CPU
		{B7600D70-3D5D-4F1D-836D-F867120E3FC2}.Debug|Any CPU.ActiveCfg = Debug|Any CPU
		{B7600D70-3D5D-4F1D-836D-F867120E3FC2}.Debug|Any CPU.Build.0 = Debug|Any CPU
		{B7600D70-3D5D-4F1D-836D-F867120E3FC2}.Release|Any CPU.ActiveCfg = Release|Any CPU
		{B7600D70-3D5D-4F1D-836D-F867120E3FC2}.Release|Any CPU.Build.0 = Release|Any CPU
		{6F0B0D35-7BE8-4AED-80AF-9ABEB24134D0}.Debug|Any CPU.ActiveCfg = Debug|Any CPU
		{6F0B0D35-7BE8-4AED-80AF-9ABEB24134D0}.Debug|Any CPU.Build.0 = Debug|Any CPU
		{6F0B0D35-7BE8-4AED-80AF-9ABEB24134D0}.Release|Any CPU.ActiveCfg = Release|Any CPU
		{6F0B0D35-7BE8-4AED-80AF-9ABEB24134D0}.Release|Any CPU.Build.0 = Release|Any CPU
		{8EB5B0A8-59C5-49FB-A6AF-7323AB9F29FF}.Debug|Any CPU.ActiveCfg = Debug|Any CPU
		{8EB5B0A8-59C5-49FB-A6AF-7323AB9F29FF}.Debug|Any CPU.Build.0 = Debug|Any CPU
		{8EB5B0A8-59C5-49FB-A6AF-7323AB9F29FF}.Release|Any CPU.ActiveCfg = Release|Any CPU
		{8EB5B0A8-59C5-49FB-A6AF-7323AB9F29FF}.Release|Any CPU.Build.0 = Release|Any CPU
		{10F39549-D83D-4E47-8CB5-36E88CE2501B}.Debug|Any CPU.ActiveCfg = Debug|Any CPU
		{10F39549-D83D-4E47-8CB5-36E88CE2501B}.Debug|Any CPU.Build.0 = Debug|Any CPU
		{10F39549-D83D-4E47-8CB5-36E88CE2501B}.Release|Any CPU.ActiveCfg = Release|Any CPU
		{10F39549-D83D-4E47-8CB5-36E88CE2501B}.Release|Any CPU.Build.0 = Release|Any CPU
		{54D43B08-45E4-4BE4-92C0-A080C7DD16BE}.Debug|Any CPU.ActiveCfg = Debug|Any CPU
		{54D43B08-45E4-4BE4-92C0-A080C7DD16BE}.Debug|Any CPU.Build.0 = Debug|Any CPU
		{54D43B08-45E4-4BE4-92C0-A080C7DD16BE}.Release|Any CPU.ActiveCfg = Release|Any CPU
		{54D43B08-45E4-4BE4-92C0-A080C7DD16BE}.Release|Any CPU.Build.0 = Release|Any CPU
		{96A39462-E232-4D72-896B-9844FC5C3A91}.Debug|Any CPU.ActiveCfg = Debug|Any CPU
		{96A39462-E232-4D72-896B-9844FC5C3A91}.Debug|Any CPU.Build.0 = Debug|Any CPU
		{96A39462-E232-4D72-896B-9844FC5C3A91}.Release|Any CPU.ActiveCfg = Release|Any CPU
		{96A39462-E232-4D72-896B-9844FC5C3A91}.Release|Any CPU.Build.0 = Release|Any CPU
		{9D4D209A-AA3F-42ED-ADB6-AC9E4B1095FC}.Debug|Any CPU.ActiveCfg = Debug|Any CPU
		{9D4D209A-AA3F-42ED-ADB6-AC9E4B1095FC}.Debug|Any CPU.Build.0 = Debug|Any CPU
		{9D4D209A-AA3F-42ED-ADB6-AC9E4B1095FC}.Release|Any CPU.ActiveCfg = Release|Any CPU
		{9D4D209A-AA3F-42ED-ADB6-AC9E4B1095FC}.Release|Any CPU.Build.0 = Release|Any CPU
		{001346B6-40DD-4D1B-BFE6-7C760850C3EB}.Debug|Any CPU.ActiveCfg = Debug|Any CPU
		{001346B6-40DD-4D1B-BFE6-7C760850C3EB}.Debug|Any CPU.Build.0 = Debug|Any CPU
		{001346B6-40DD-4D1B-BFE6-7C760850C3EB}.Release|Any CPU.ActiveCfg = Release|Any CPU
		{001346B6-40DD-4D1B-BFE6-7C760850C3EB}.Release|Any CPU.Build.0 = Release|Any CPU
		{006999B1-3856-4162-9A0C-D9AAEE088653}.Debug|Any CPU.ActiveCfg = Debug|Any CPU
		{006999B1-3856-4162-9A0C-D9AAEE088653}.Debug|Any CPU.Build.0 = Debug|Any CPU
		{006999B1-3856-4162-9A0C-D9AAEE088653}.Release|Any CPU.ActiveCfg = Release|Any CPU
		{006999B1-3856-4162-9A0C-D9AAEE088653}.Release|Any CPU.Build.0 = Release|Any CPU
		{503212AF-DC78-4FCC-A1CC-2D80B6F195D0}.Debug|Any CPU.ActiveCfg = Debug|Any CPU
		{503212AF-DC78-4FCC-A1CC-2D80B6F195D0}.Debug|Any CPU.Build.0 = Debug|Any CPU
		{503212AF-DC78-4FCC-A1CC-2D80B6F195D0}.Release|Any CPU.ActiveCfg = Release|Any CPU
		{503212AF-DC78-4FCC-A1CC-2D80B6F195D0}.Release|Any CPU.Build.0 = Release|Any CPU
		{C2DDB14E-B576-4439-9BFD-A8DF1E4B0572}.Debug|Any CPU.ActiveCfg = Debug|Any CPU
		{C2DDB14E-B576-4439-9BFD-A8DF1E4B0572}.Debug|Any CPU.Build.0 = Debug|Any CPU
		{C2DDB14E-B576-4439-9BFD-A8DF1E4B0572}.Release|Any CPU.ActiveCfg = Release|Any CPU
		{C2DDB14E-B576-4439-9BFD-A8DF1E4B0572}.Release|Any CPU.Build.0 = Release|Any CPU
	EndGlobalSection
	GlobalSection(SolutionProperties) = preSolution
		HideSolutionNode = FALSE
	EndGlobalSection
EndGlobal
